
Microsoft Visual Studio Solution File, Format Version 12.00
Project("{FAE04EC0-301F-11D3-BF4B-00C04F79EFBC}") = "Forecast.Api", "Forecast.Api\Forecast.Api.csproj", "{584CB3A2-79D7-4B34-B912-A4191CD98337}"
EndProject
Global
	GlobalSection(SolutionConfigurationPlatforms) = preSolution
		Debug|Any CPU = Debug|Any CPU
		Release|Any CPU = Release|Any CPU
	EndGlobalSection
	GlobalSection(ProjectConfigurationPlatforms) = postSolution
		{584CB3A2-79D7-4B34-B912-A4191CD98337}.Debug|Any CPU.ActiveCfg = Debug|Any CPU
		{584CB3A2-79D7-4B34-B912-A4191CD98337}.Debug|Any CPU.Build.0 = Debug|Any CPU
		{584CB3A2-79D7-4B34-B912-A4191CD98337}.Release|Any CPU.ActiveCfg = Release|Any CPU
		{584CB3A2-79D7-4B34-B912-A4191CD98337}.Release|Any CPU.Build.0 = Release|Any CPU
	EndGlobalSection
EndGlobal
